{
    "_readme": [
        "This file locks the dependencies of your project to a known state",
        "Read more about it at https://getcomposer.org/doc/01-basic-usage.md#composer-lock-the-lock-file",
        "This file is @generated automatically"
    ],
    "hash": "bb66516e8e8aaa03f2769a09586403a2",
    "packages": [
        {
            "name": "amphp/aerys",
            "version": "dev-wip",
            "source": {
                "type": "git",
                "url": "git@github.com:rdlowrey/aerys",
                "reference": "e2f0f0312a4d3fc19ea86214d8d2c80b0db3cfbf"
            },
            "require": {
                "amphp/amp": "1.0.x-dev",
                "league/climate": "^3",
                "nikic/fast-route": "~0.4.0",
                "php": ">=7.0.0-dev",
                "psr/log": "~1.0"
            },
            "bin": [
                "bin/aerys"
            ],
            "type": "library",
            "extra": {
                "branch-alias": {
                    "dev-master": "0.1.0-dev"
                }
            },
            "autoload": {
                "psr-4": {
                    "Aerys\\": "lib/"
                },
                "files": [
                    "lib/functions.php",
                    "lib/constants.php"
                ]
            },
            "autoload-dev": {
                "psr-4": {
                    "Aerys\\Test\\": "test/"
                }
            },
            "license": [
                "MIT"
            ],
            "authors": [
                {
                    "name": "Daniel Lowrey",
                    "email": "rdlowrey@php.net",
                    "role": "Creator / Lead Developer"
                },
                {
                    "name": "Bob Weinand",
                    "role": "Developer / API Coordinator"
                }
            ],
            "description": "Non-blocking HTTP/Websocket server",
            "homepage": "https://github.com/amphp/aerys",
            "keywords": [
                "aerys",
                "amp",
                "amphp",
                "async",
                "http",
                "non-blocking",
                "server",
                "websocket"
            ],
            "time": "2015-06-18 19:21:45"
        },
        {
            "name": "amphp/aerys-session",
            "version": "dev-master",
            "source": {
                "type": "git",
                "url": "git@github.com:bwoebi/aerys-session",
                "reference": "ffdc4d9308e029b27654ea5fbfcc054513df1e7d"
            },
            "require": {
                "amphp/aerys": "dev-wip",
                "amphp/amp": "1.0.x-dev",
                "kelunik/redis-mutex": "dev-master",
                "php": ">=7.0.0-dev"
            },
            "type": "library",
            "autoload": {
                "psr-4": {
                    "Aerys\\": "lib/"
                },
                "files": [
                    "lib/functions.php"
                ]
            },
            "license": [
                "MIT"
            ],
            "authors": [
                {
                    "name": "Bob Weinand",
                    "role": "Creator"
                },
                {
                    "name": "Niklas Keller",
                    "email": "me@kelunik.com",
                    "homepage": "http://kelunik.com",
                    "role": "Developer"
                }
            ],
            "description": "Session management for Aerys server",
            "homepage": "https://github.com/amphp/aerys-session",
            "time": "2015-06-18 18:13:25"
        },
        {
            "name": "amphp/amp",
            "version": "1.0.x-dev",
            "source": {
                "type": "git",
                "url": "https://github.com/amphp/amp.git",
                "reference": "ad96a584d5eb0a6c29e2a2506e582673ad83bfb7"
            },
            "dist": {
                "type": "zip",
                "url": "https://api.github.com/repos/amphp/amp/zipball/ad96a584d5eb0a6c29e2a2506e582673ad83bfb7",
                "reference": "ad96a584d5eb0a6c29e2a2506e582673ad83bfb7",
                "shasum": ""
            },
            "require": {
                "php": ">=5.5"
            },
            "require-dev": {
                "phpunit/phpunit": "~4.4.0"
            },
            "type": "library",
            "extra": {
                "branch-alias": {
                    "dev-master": "1.1.0-dev",
                    "dev-v1.0.x": "1.0.0-dev"
                }
            },
            "autoload": {
                "psr-4": {
                    "Amp\\": "lib/"
                },
                "files": [
                    "lib/functions.php"
                ]
            },
            "notification-url": "https://packagist.org/downloads/",
            "license": [
                "MIT"
            ],
            "authors": [
                {
                    "name": "Daniel Lowrey",
                    "email": "rdlowrey@php.net",
                    "role": "Creator / Lead Developer"
                }
            ],
            "description": "A non-blocking concurrency framework for PHP applications",
            "homepage": "https://github.com/amphp/amp",
            "keywords": [
                "async",
                "concurrency",
                "event",
                "future",
                "non-blocking",
                "promise"
            ],
            "time": "2015-06-16 16:08:24"
        },
        {
            "name": "amphp/artax",
            "version": "2.x-dev",
            "source": {
                "type": "git",
                "url": "https://github.com/amphp/artax.git",
                "reference": "3621e57093cd76ea9f909523eef28b502087b7b5"
            },
            "dist": {
                "type": "zip",
                "url": "https://api.github.com/repos/amphp/artax/zipball/3621e57093cd76ea9f909523eef28b502087b7b5",
                "reference": "3621e57093cd76ea9f909523eef28b502087b7b5",
                "shasum": ""
            },
            "require": {
                "amphp/amp": "1.0.x-dev",
                "php": ">=5.5.0",
                "rdlowrey/nbsock": "~0.7.0"
            },
            "type": "library",
            "extra": {
                "branch-alias": {
                    "dev-master": "1.0.x-dev",
                    "dev-v2": "2.0.0-dev"
                }
            },
            "autoload": {
                "psr-4": {
                    "Amp\\Artax\\": "lib/"
                }
            },
            "notification-url": "https://packagist.org/downloads/",
            "license": [
                "MIT"
            ],
            "authors": [
                {
                    "name": "Daniel Lowrey",
                    "email": "rdlowrey@gmail.com",
                    "role": "Creator / Lead Developer"
                }
            ],
            "description": "Asynchronous parallel HTTP/1.1 client built on the Amp concurrency framework",
            "homepage": "https://github.com/amphp/artax",
            "keywords": [
                "async",
                "client",
                "http",
                "non-blocking",
                "parallel",
                "rest"
            ],
            "time": "2015-06-11 19:46:27"
        },
        {
            "name": "amphp/dns",
            "version": "v0.6.0",
            "source": {
                "type": "git",
                "url": "https://github.com/amphp/dns.git",
                "reference": "641c3cc51a7d737f9a4be33e674010e360873bc5"
            },
            "dist": {
                "type": "zip",
                "url": "https://api.github.com/repos/amphp/dns/zipball/641c3cc51a7d737f9a4be33e674010e360873bc5",
                "reference": "641c3cc51a7d737f9a4be33e674010e360873bc5",
                "shasum": ""
            },
            "require": {
                "amphp/amp": "1.0.x-dev",
                "daverandom/libdns": "~1.0",
                "php": ">=5.5"
            },
            "require-dev": {
                "mockery/mockery": ">=0.9.1",
                "phpunit/phpunit": "~4.1.0",
                "predis/predis": "~0.8.6",
                "rdlowrey/auryn": ">=0.13.0"
            },
            "type": "library",
            "autoload": {
                "psr-4": {
                    "Amp\\Dns\\": "lib"
                }
            },
            "notification-url": "https://packagist.org/downloads/",
            "license": [
                "MIT"
            ],
            "authors": [
                {
                    "name": "Chris Wright",
                    "email": "addr@daverandom.com",
                    "role": "Creator / Lead Developer"
                }
            ],
            "description": "Asynchronous DNS resolution built on the Amp concurrency framework",
            "homepage": "https://github.com/amphp/dns",
            "keywords": [
                "amp",
                "async",
                "client",
                "dns",
                "resolve"
            ],
            "time": "2015-05-20 22:31:25"
        },
        {
            "name": "amphp/mysql",
            "version": "dev-master",
            "source": {
                "type": "git",
                "url": "https://github.com/amphp/mysql.git",
                "reference": "f5c630d94d13dc974da3014d119ccd9332c49927"
            },
            "dist": {
                "type": "zip",
                "url": "https://api.github.com/repos/amphp/mysql/zipball/f5c630d94d13dc974da3014d119ccd9332c49927",
                "reference": "f5c630d94d13dc974da3014d119ccd9332c49927",
                "shasum": ""
            },
            "require": {
                "amphp/amp": "1.0.x-dev",
                "rdlowrey/nbsock": "~0.7"
            },
            "require-dev": {
                "phpunit/phpunit": "~4.4.0"
            },
            "type": "library",
            "autoload": {
                "psr-4": {
                    "Amp\\Mysql\\": "lib/"
                }
            },
            "notification-url": "https://packagist.org/downloads/",
            "authors": [
                {
                    "name": "Bob Weinand",
                    "email": "bobwei9@hotmail.com"
                }
            ],
            "description": "Asynchronous parallel Mysql client built on the Amp concurrency framework",
            "time": "2015-06-15 16:25:43"
        },
        {
            "name": "amphp/redis",
            "version": "dev-master",
            "source": {
                "type": "git",
                "url": "https://github.com/amphp/redis.git",
                "reference": "f8e6901773c1c09f0954c579eec1ed4d5a46b9a7"
            },
            "dist": {
                "type": "zip",
                "url": "https://api.github.com/repos/amphp/redis/zipball/f8e6901773c1c09f0954c579eec1ed4d5a46b9a7",
                "reference": "f8e6901773c1c09f0954c579eec1ed4d5a46b9a7",
                "shasum": ""
            },
            "require": {
                "amphp/amp": "1.0.x-dev",
                "rdlowrey/nbsock": "~0.7"
            },
            "require-dev": {
                "phpunit/phpunit": "~4.4.0"
            },
            "type": "library",
            "autoload": {
                "psr-4": {
                    "Amp\\Redis\\": "lib/"
                }
            },
            "notification-url": "https://packagist.org/downloads/",
            "license": [
                "MIT"
            ],
            "authors": [
                {
                    "name": "Niklas Keller",
                    "email": "me@kelunik.com",
                    "homepage": "http://www.kelunik.com",
                    "role": "Creator / Lead Developer"
                }
            ],
            "description": "an async redis client based on the amp framework",
            "homepage": "https://github.com/amphp/redis",
            "keywords": [
                "amp",
                "async",
                "client",
                "redis"
            ],
            "time": "2015-06-09 14:08:12"
        },
        {
            "name": "daverandom/libdns",
            "version": "1.0.x-dev",
            "source": {
                "type": "git",
                "url": "https://github.com/DaveRandom/LibDNS.git",
                "reference": "e935e8caa5ff30122bcbeb8b4ce567fa14cdf063"
            },
            "dist": {
                "type": "zip",
                "url": "https://api.github.com/repos/DaveRandom/LibDNS/zipball/e935e8caa5ff30122bcbeb8b4ce567fa14cdf063",
                "reference": "e935e8caa5ff30122bcbeb8b4ce567fa14cdf063",
                "shasum": ""
            },
            "require": {
                "php": ">=5.4.0"
            },
            "type": "library",
            "autoload": {
                "psr-4": {
                    "LibDNS\\": "src/"
                }
            },
            "notification-url": "https://packagist.org/downloads/",
            "license": [
                "MIT"
            ],
            "description": "DNS protocol implementation written in pure PHP",
            "keywords": [
                "dns"
            ],
            "time": "2015-04-02 15:42:15"
        },
        {
            "name": "doctrine/lexer",
            "version": "dev-master",
            "source": {
                "type": "git",
                "url": "https://github.com/doctrine/lexer.git",
                "reference": "83893c552fd2045dd78aef794c31e694c37c0b8c"
            },
            "dist": {
                "type": "zip",
                "url": "https://api.github.com/repos/doctrine/lexer/zipball/83893c552fd2045dd78aef794c31e694c37c0b8c",
                "reference": "83893c552fd2045dd78aef794c31e694c37c0b8c",
                "shasum": ""
            },
            "require": {
                "php": ">=5.3.2"
            },
            "type": "library",
            "extra": {
                "branch-alias": {
                    "dev-master": "1.0.x-dev"
                }
            },
            "autoload": {
                "psr-0": {
                    "Doctrine\\Common\\Lexer\\": "lib/"
                }
            },
            "notification-url": "https://packagist.org/downloads/",
            "license": [
                "MIT"
            ],
            "authors": [
                {
                    "name": "Roman Borschel",
                    "email": "roman@code-factory.org"
                },
                {
                    "name": "Guilherme Blanco",
                    "email": "guilhermeblanco@gmail.com"
                },
                {
                    "name": "Johannes Schmitt",
                    "email": "schmittjoh@gmail.com"
                }
            ],
            "description": "Base library for a lexer that can be used in Top-Down, Recursive Descent Parsers.",
            "homepage": "http://www.doctrine-project.org",
            "keywords": [
                "lexer",
                "parser"
            ],
            "time": "2014-09-09 13:34:57"
        },
        {
            "name": "egulias/email-validator",
            "version": "dev-master",
            "source": {
                "type": "git",
                "url": "https://github.com/egulias/EmailValidator.git",
                "reference": "12f16f70aaa05427335b0d5e0bee40361ee2059a"
            },
            "dist": {
                "type": "zip",
                "url": "https://api.github.com/repos/egulias/EmailValidator/zipball/12f16f70aaa05427335b0d5e0bee40361ee2059a",
                "reference": "12f16f70aaa05427335b0d5e0bee40361ee2059a",
                "shasum": ""
            },
            "require": {
                "doctrine/lexer": "~1.0,>=1.0.1",
                "php": ">= 5.3.3"
            },
            "require-dev": {
                "phpunit/phpunit": "~4.4",
                "satooshi/php-coveralls": "dev-master"
            },
            "type": "library",
            "extra": {
                "branch-alias": {
                    "dev-master": "1.3.x-dev"
                }
            },
            "autoload": {
                "psr-0": {
                    "Egulias\\": "src/"
                }
            },
            "notification-url": "https://packagist.org/downloads/",
            "license": [
                "MIT"
            ],
            "authors": [
                {
                    "name": "Eduardo Gulias Davis"
                }
            ],
            "description": "A library for validating emails",
            "homepage": "https://github.com/egulias/EmailValidator",
            "keywords": [
                "email",
                "validation",
                "validator"
            ],
            "time": "2015-05-18 21:32:19"
        },
        {
            "name": "kelunik/redis-mutex",
            "version": "dev-master",
            "source": {
                "type": "git",
                "url": "https://github.com/kelunik/redis-mutex.git",
                "reference": "b60c26f1293cced9e99c218f0d44186591d195c2"
            },
            "dist": {
                "type": "zip",
                "url": "https://api.github.com/repos/kelunik/redis-mutex/zipball/b60c26f1293cced9e99c218f0d44186591d195c2",
                "reference": "b60c26f1293cced9e99c218f0d44186591d195c2",
                "shasum": ""
            },
            "require": {
                "amphp/redis": "dev-master"
            },
            "require-dev": {
                "phpunit/phpunit": "4.*@stable"
            },
            "type": "library",
            "autoload": {
                "psr-4": {
                    "Amp\\Redis\\": "lib"
                }
            },
            "notification-url": "https://packagist.org/downloads/",
            "license": [
                "MIT"
            ],
            "authors": [
                {
                    "name": "Niklas Keller",
                    "email": "me@kelunik.com"
                }
            ],
            "time": "2015-06-13 14:59:57"
        },
        {
            "name": "league/climate",
            "version": "3.1.1",
            "source": {
                "type": "git",
                "url": "https://github.com/thephpleague/climate.git",
                "reference": "04026b95fa3eddc937573bfd6a6b542fb204500b"
            },
            "dist": {
                "type": "zip",
                "url": "https://api.github.com/repos/thephpleague/climate/zipball/04026b95fa3eddc937573bfd6a6b542fb204500b",
                "reference": "04026b95fa3eddc937573bfd6a6b542fb204500b",
                "shasum": ""
            },
            "require": {
                "php": ">=5.4.0",
                "seld/cli-prompt": "~1.0"
            },
            "require-dev": {
                "mikey179/vfsstream": "~1.4",
                "mockery/mockery": "dev-master",
                "phpunit/phpunit": "~4.6"
            },
            "type": "library",
            "autoload": {
                "psr-4": {
                    "League\\CLImate\\": "src/"
                }
            },
            "notification-url": "https://packagist.org/downloads/",
            "license": [
                "MIT"
            ],
            "authors": [
                {
                    "name": "Joe Tannenbaum",
                    "email": "hey@joe.codes",
                    "homepage": "http://joe.codes/",
                    "role": "Developer"
                }
            ],
            "description": "PHP's best friend for the terminal. CLImate allows you to easily output colored text, special formats, and more.",
            "keywords": [
                "cli",
                "colors",
                "command",
                "php",
                "terminal"
            ],
            "time": "2015-05-01 11:19:42"
        },
        {
            "name": "nikic/fast-route",
            "version": "v0.4.0",
            "source": {
                "type": "git",
                "url": "https://github.com/nikic/FastRoute.git",
                "reference": "f26a8f7788f25c0e3e9b1579d38d7ccab2755320"
            },
            "dist": {
                "type": "zip",
                "url": "https://api.github.com/repos/nikic/FastRoute/zipball/f26a8f7788f25c0e3e9b1579d38d7ccab2755320",
                "reference": "f26a8f7788f25c0e3e9b1579d38d7ccab2755320",
                "shasum": ""
            },
            "require": {
                "php": ">=5.4.0"
            },
            "type": "library",
            "autoload": {
                "psr-4": {
                    "FastRoute\\": "src/"
                },
                "files": [
                    "src/functions.php"
                ]
            },
            "notification-url": "https://packagist.org/downloads/",
            "license": [
                "BSD-3-Clause"
            ],
            "authors": [
                {
                    "name": "Nikita Popov",
                    "email": "nikic@php.net"
                }
            ],
            "description": "Fast request router for PHP",
            "keywords": [
                "router",
                "routing"
            ],
            "time": "2015-02-26 15:33:07"
        },
        {
            "name": "psr/log",
            "version": "dev-master",
            "source": {
                "type": "git",
                "url": "https://github.com/php-fig/log.git",
                "reference": "9e45edca52cc9c954680072c93e621f8b71fab26"
            },
            "dist": {
                "type": "zip",
                "url": "https://api.github.com/repos/php-fig/log/zipball/9e45edca52cc9c954680072c93e621f8b71fab26",
                "reference": "9e45edca52cc9c954680072c93e621f8b71fab26",
                "shasum": ""
            },
            "require": {
                "php": ">=5.3.0"
            },
            "type": "library",
            "extra": {
                "branch-alias": {
                    "dev-master": "1.0.x-dev"
                }
            },
            "autoload": {
                "psr-4": {
                    "Psr\\Log\\": "Psr/Log/"
                }
            },
            "notification-url": "https://packagist.org/downloads/",
            "license": [
                "MIT"
            ],
            "authors": [
                {
                    "name": "PHP-FIG",
                    "homepage": "http://www.php-fig.org/"
                }
            ],
            "description": "Common interface for logging libraries",
            "keywords": [
                "log",
                "psr",
                "psr-3"
            ],
            "time": "2015-06-02 13:48:41"
        },
        {
            "name": "rdlowrey/nbsock",
            "version": "v0.7.0",
            "source": {
                "type": "git",
                "url": "https://github.com/rdlowrey/nbsock.git",
                "reference": "bbd9eacc9845f54243bb10c8c1538e53925b2a64"
            },
            "dist": {
                "type": "zip",
                "url": "https://api.github.com/repos/rdlowrey/nbsock/zipball/bbd9eacc9845f54243bb10c8c1538e53925b2a64",
                "reference": "bbd9eacc9845f54243bb10c8c1538e53925b2a64",
                "shasum": ""
            },
            "require": {
                "amphp/amp": "v1.0.x-dev",
                "amphp/dns": "~0.6.0",
                "php": ">=5.5"
            },
            "type": "library",
            "autoload": {
                "psr-4": {
                    "Nbsock\\": "lib/"
                },
                "files": [
                    "lib/functions.php"
                ]
            },
            "notification-url": "https://packagist.org/downloads/",
            "license": [
                "MIT"
            ],
            "authors": [
                {
                    "name": "Daniel Lowrey",
                    "email": "rdlowrey@gmail.com",
                    "role": "Creator / Lead Developer"
                }
            ],
            "description": "Non-blocking socket connection/encryption using the Amp concurrency framework",
            "homepage": "https://github.com/rdlowrey/nbsock",
            "keywords": [
                "amp",
                "async",
                "encryption",
                "non-blocking",
                "sockets",
                "tcp",
                "tls"
            ],
            "time": "2015-05-20 22:41:09"
        },
        {
            "name": "seld/cli-prompt",
            "version": "dev-master",
            "source": {
                "type": "git",
                "url": "https://github.com/Seldaek/cli-prompt.git",
                "reference": "fe114c7a6ac5cb0ce76932ae4017024d9842a49c"
            },
            "dist": {
                "type": "zip",
                "url": "https://api.github.com/repos/Seldaek/cli-prompt/zipball/fe114c7a6ac5cb0ce76932ae4017024d9842a49c",
                "reference": "fe114c7a6ac5cb0ce76932ae4017024d9842a49c",
                "shasum": ""
            },
            "require": {
                "php": ">=5.3"
            },
            "type": "library",
            "extra": {
                "branch-alias": {
                    "dev-master": "1.x-dev"
                }
            },
            "autoload": {
                "psr-4": {
                    "Seld\\CliPrompt\\": "src/"
                }
            },
            "notification-url": "https://packagist.org/downloads/",
            "license": [
                "MIT"
            ],
            "authors": [
                {
                    "name": "Jordi Boggiano",
                    "email": "j.boggiano@seld.be"
                }
            ],
            "description": "Allows you to prompt for user input on the command line, and optionally hide the characters they type",
            "keywords": [
                "cli",
                "console",
                "hidden",
                "input",
                "prompt"
            ],
            "time": "2015-04-30 20:24:49"
        },
        {
            "name": "swiftmailer/swiftmailer",
            "version": "dev-master",
            "source": {
                "type": "git",
                "url": "https://github.com/swiftmailer/swiftmailer.git",
                "reference": "db95cfa68a8bc91d1c54f75c416f481c9a8bd100"
            },
            "dist": {
                "type": "zip",
                "url": "https://api.github.com/repos/swiftmailer/swiftmailer/zipball/db95cfa68a8bc91d1c54f75c416f481c9a8bd100",
                "reference": "db95cfa68a8bc91d1c54f75c416f481c9a8bd100",
                "shasum": ""
            },
            "require": {
                "egulias/email-validator": "~1.2",
                "php": ">=5.5.0"
            },
            "require-dev": {
                "mockery/mockery": "~0.9.1"
            },
            "type": "library",
            "extra": {
                "branch-alias": {
                    "dev-master": "5.3-dev"
                }
            },
            "autoload": {
                "files": [
                    "lib/swift_required.php"
                ]
            },
            "notification-url": "https://packagist.org/downloads/",
            "license": [
                "MIT"
            ],
            "authors": [
                {
                    "name": "Chris Corbyn"
                },
                {
                    "name": "Fabien Potencier",
                    "email": "fabien@symfony.com"
                }
            ],
            "description": "Swiftmailer, free feature-rich PHP mailer",
            "homepage": "http://swiftmailer.org",
            "keywords": [
                "mail",
                "mailer"
            ],
            "time": "2015-01-18 13:49:36"
        }
    ],
    "packages-dev": [],
    "aliases": [],
    "minimum-stability": "dev",
    "stability-flags": {
        "amphp/aerys": 20,
        "amphp/aerys-session": 20,
        "amphp/mysql": 20,
        "amphp/redis": 20,
        "amphp/artax": 20
    },
    "prefer-stable": false,
    "prefer-lowest": false,
    "platform": [],
    "platform-dev": []
}
