{
    "_readme": [
        "This file locks the dependencies of your project to a known state",
        "Read more about it at http://getcomposer.org/doc/01-basic-usage.md#composer-lock-the-lock-file",
        "This file is @generated automatically"
    ],
    "hash": "8f5c8f0b869e3a7422d6e824a3458524",
    "packages": [
        {
            "name": "amphp/aerys",
            "version": "dev-master",
            "source": {
                "type": "git",
                "url": "git@github.com:rdlowrey/aerys.git",
                "reference": "954fd499d79f3452aede975af8af7ccb263aff09"
            },
            "require": {
                "amphp/amp": "~0.16.0",
                "nikic/fast-route": "~0.1",
                "php": ">=5.5.0",
                "rdlowrey/auryn": "~0.14"
            },
            "bin": [
                "bin/aerys"
            ],
            "type": "library",
            "extra": {
                "branch-alias": {
                    "dev-master": "0.1.x-dev"
                }
            },
            "autoload": {
                "psr-4": {
                    "Aerys\\": "lib/"
                },
                "files": [
                    "lib/functions.php",
                    "lib/constants.php"
                ]
            },
            "autoload-dev": {
                "psr-4": {
                    "Aerys\\Test\\": "test/"
                }
            },
            "license": [
                "MIT"
            ],
            "authors": [
                {
                    "name": "Daniel Lowrey",
                    "email": "rdlowrey@php.net",
                    "role": "Creator / Lead Developer"
                },
                {
                    "name": "Bob Weinand",
                    "role": "Developer / API Coordinator"
                }
            ],
            "description": "Non-blocking HTTP/Websocket server",
            "homepage": "https://github.com/amphp/aerys",
            "keywords": [
                "aerys",
                "async",
                "http",
                "non-blocking",
                "server",
                "websocket"
            ],
            "time": "2015-02-16 18:52:44"
        },
        {
            "name": "amphp/amp",
            "version": "v0.16.0",
            "source": {
                "type": "git",
                "url": "https://github.com/amphp/amp.git",
                "reference": "446e09a95d8fe5d4368802f7b126095c5e54415c"
            },
            "dist": {
                "type": "zip",
                "url": "https://api.github.com/repos/amphp/amp/zipball/446e09a95d8fe5d4368802f7b126095c5e54415c",
                "reference": "446e09a95d8fe5d4368802f7b126095c5e54415c",
                "shasum": ""
            },
            "require": {
                "php": ">=5.4.0"
            },
            "suggest": {
                "pecl/libevent": "Extension for libevent backends (high performance use cases).",
                "php-uv": "Extension for libuv backends (high performance use cases)."
            },
            "type": "library",
            "extra": {
                "branch-alias": {
                    "dev-master": "1.0.x-dev"
                }
            },
            "autoload": {
                "psr-4": {
                    "Amp\\": "lib/"
                },
                "files": [
                    "lib/functions.php"
                ]
            },
            "notification-url": "https://packagist.org/downloads/",
            "license": [
                "MIT"
            ],
            "authors": [
                {
                    "name": "Daniel Lowrey",
                    "email": "rdlowrey@php.net",
                    "role": "Creator / Lead Developer"
                }
            ],
            "description": "A non-blocking concurrency framework for PHP applications",
            "homepage": "https://github.com/amphp/amp",
            "keywords": [
                "async",
                "concurrency",
                "future",
                "libevent",
                "libuv",
                "non-blocking",
                "promise"
            ],
            "time": "2015-02-18 14:59:48"
        },
        {
            "name": "amphp/artax",
            "version": "dev-master",
            "source": {
                "type": "git",
                "url": "https://github.com/amphp/artax.git",
                "reference": "0650526ebfa13d95477cf68a9a88a2bff31f3492"
            },
            "dist": {
                "type": "zip",
                "url": "https://api.github.com/repos/amphp/artax/zipball/efa2fb8828c2858430697d065cf13bb9c3c98fb9",
                "reference": "0650526ebfa13d95477cf68a9a88a2bff31f3492",
                "shasum": ""
            },
            "require": {
                "amphp/amp": "~0.16.0",
                "php": ">=5.4.0",
                "rdlowrey/nbsock": "~0.6.0"
            },
            "type": "library",
            "extra": {
                "branch-alias": {
                    "dev-master": "1.0.x-dev"
                }
            },
            "autoload": {
                "psr-4": {
                    "Amp\\Artax\\": "lib/"
                }
            },
            "notification-url": "https://packagist.org/downloads/",
            "license": [
                "MIT"
            ],
            "authors": [
                {
                    "name": "Daniel Lowrey",
                    "email": "rdlowrey@gmail.com",
                    "role": "Creator / Lead Developer"
                }
            ],
            "description": "Asynchronous parallel HTTP/1.1 client built on the Amp concurrency framework",
            "homepage": "https://github.com/amphp/artax",
            "keywords": [
                "async",
                "client",
                "http",
                "non-blocking",
                "parallel",
                "rest"
            ],
            "time": "2015-02-16 04:28:41"
        },
        {
            "name": "amphp/dns",
            "version": "v0.4.2",
            "source": {
                "type": "git",
                "url": "https://github.com/amphp/dns.git",
                "reference": "e4578f504a855078b339e3a4d6da7f4e1f8f4723"
            },
            "dist": {
                "type": "zip",
                "url": "https://api.github.com/repos/amphp/dns/zipball/e4578f504a855078b339e3a4d6da7f4e1f8f4723",
                "reference": "e4578f504a855078b339e3a4d6da7f4e1f8f4723",
                "shasum": ""
            },
            "require": {
                "amphp/amp": "~0.16.0",
                "daverandom/libdns": "~1.0",
                "php": ">=5.4.0"
            },
            "require-dev": {
                "mockery/mockery": ">=0.9.1",
                "phpunit/phpunit": "~4.1.0",
                "predis/predis": "~0.8.6",
                "rdlowrey/auryn": ">=0.13.0"
            },
            "type": "library",
            "autoload": {
                "psr-4": {
                    "Amp\\Dns\\": "lib"
                }
            },
            "notification-url": "https://packagist.org/downloads/",
            "license": [
                "MIT"
            ],
            "authors": [
                {
                    "name": "Chris Wright",
                    "email": "addr@daverandom.com",
                    "role": "Creator / Lead Developer"
                }
            ],
            "description": "Asynchronous DNS resolution built on the Amp concurrency framework",
            "homepage": "https://github.com/amphp/dns",
            "keywords": [
                "amp",
                "async",
                "client",
                "dns",
                "resolve"
            ],
            "time": "2015-02-18 16:18:40"
        },
        {
            "name": "amphp/mysql",
            "version": "dev-master",
            "source": {
                "type": "git",
                "url": "git@github.com:amphp/mysql.git",
                "reference": "efddc156b2e5f0a8adf98bfa6d249b4132f793e8"
            },
            "require": {
                "amphp/amp": "~0.16",
                "rdlowrey/nbsock": "~0.6"
            },
            "require-dev": {
                "phpunit/phpunit": "~4.4.0"
            },
            "type": "library",
            "autoload": {
                "psr-4": {
                    "Mysql\\": "lib/"
                }
            },
            "authors": [
                {
                    "name": "Bob Weinand",
                    "email": "bobwei9@hotmail.com"
                }
            ],
            "description": "description_text",
            "time": "2015-02-17 23:03:34"
        },
        {
            "name": "amphp/redis",
            "version": "dev-master",
            "source": {
                "type": "git",
                "url": "git@github.com:amphp/redis.git",
                "reference": "4aaf93104984f874749177a1542b5104f43f1cdf"
            },
            "require": {
                "amphp/amp": "~0.16",
                "rdlowrey/nbsock": "~0.5"
            },
            "require-dev": {
                "phpunit/phpunit": "~4.4.0"
            },
            "type": "library",
            "autoload": {
                "psr-4": {
                    "Amp\\Redis\\": "lib/"
                }
            },
            "authors": [
                {
                    "name": "Niklas Keller",
                    "email": "me@kelunik.com",
                    "role": "Creator / Lead Developer",
                    "homepage": "http://www.kelunik.com"
                }
            ],
            "description": "an async redis client based on the amp framework",
            "homepage": "https://github.com/amphp/redis",
            "keywords": [
                "amp",
                "async",
                "client",
                "redis"
            ],
            "support": {
                "issues": "https://github.com/amphp/redis/issues"
            },
            "time": "2015-03-14 14:06:41"
        },
        {
            "name": "daverandom/libdns",
            "version": "1.0.x-dev",
            "source": {
                "type": "git",
                "url": "https://github.com/DaveRandom/LibDNS.git",
                "reference": "1f4c7fc8f187c8e56c5df39b28f4689c65f5077f"
            },
            "dist": {
                "type": "zip",
                "url": "https://api.github.com/repos/DaveRandom/LibDNS/zipball/1f4c7fc8f187c8e56c5df39b28f4689c65f5077f",
                "reference": "1f4c7fc8f187c8e56c5df39b28f4689c65f5077f",
                "shasum": ""
            },
            "require": {
                "php": ">=5.4.0"
            },
            "type": "library",
            "autoload": {
                "psr-0": {
                    "LibDNS": "src"
                }
            },
            "notification-url": "https://packagist.org/downloads/",
            "license": [
                "MIT"
            ],
            "description": "DNS protocol implementation written in pure PHP",
            "keywords": [
                "dns"
            ],
            "time": "2015-02-18 11:30:51"
        },
        {
            "name": "erusev/parsedown",
            "version": "dev-master",
            "source": {
                "type": "git",
                "url": "https://github.com/erusev/parsedown.git",
                "reference": "65116c3cb0953447eac742aa4ea5fc4aaaa22db9"
            },
            "dist": {
                "type": "zip",
                "url": "https://api.github.com/repos/erusev/parsedown/zipball/65116c3cb0953447eac742aa4ea5fc4aaaa22db9",
                "reference": "65116c3cb0953447eac742aa4ea5fc4aaaa22db9",
                "shasum": ""
            },
            "type": "library",
            "autoload": {
                "psr-0": {
                    "Parsedown": ""
                }
            },
            "notification-url": "https://packagist.org/downloads/",
            "license": [
                "MIT"
            ],
            "authors": [
                {
                    "name": "Emanuil Rusev",
                    "email": "hello@erusev.com",
                    "homepage": "http://erusev.com"
                }
            ],
            "description": "Parser for Markdown.",
            "homepage": "http://parsedown.org",
            "keywords": [
                "markdown",
                "parser"
            ],
            "time": "2015-02-08 23:04:08"
        },
        {
            "name": "ircmaxell/random-lib",
            "version": "v1.0.0",
            "source": {
                "type": "git",
                "url": "https://github.com/ircmaxell/RandomLib.git",
                "reference": "0eaad991c1756842f26dfbcbc6effcabb5003d0a"
            },
            "dist": {
                "type": "zip",
                "url": "https://api.github.com/repos/ircmaxell/RandomLib/zipball/0eaad991c1756842f26dfbcbc6effcabb5003d0a",
                "reference": "0eaad991c1756842f26dfbcbc6effcabb5003d0a",
                "shasum": ""
            },
            "require": {
                "ircmaxell/security-lib": "1.0.*@dev",
                "php": ">=5.3.2"
            },
            "require-dev": {
                "mikey179/vfsstream": "1.1.*"
            },
            "type": "library",
            "extra": {
                "branch-alias": {
                    "dev-master": "1.0.x-dev"
                }
            },
            "autoload": {
                "psr-0": {
                    "RandomLib": "lib"
                }
            },
            "notification-url": "https://packagist.org/downloads/",
            "license": [
                "MIT"
            ],
            "authors": [
                {
                    "name": "Anthony Ferrara",
                    "email": "ircmaxell@ircmaxell.com",
                    "homepage": "http://blog.ircmaxell.com"
                }
            ],
            "description": "A Library For Generating Secure Random Numbers",
            "homepage": "https://github.com/ircmaxell/PHP-RandomLib",
            "keywords": [
                "cryptography",
                "random",
                "random-numbers",
                "random-strings"
            ],
            "time": "2013-07-30 17:40:57"
        },
        {
            "name": "ircmaxell/security-lib",
            "version": "dev-master",
            "source": {
                "type": "git",
                "url": "https://github.com/ircmaxell/SecurityLib.git",
                "reference": "fd6f940455ad6481455544b741c9aca3a2455f87"
            },
            "dist": {
                "type": "zip",
                "url": "https://api.github.com/repos/ircmaxell/SecurityLib/zipball/fd6f940455ad6481455544b741c9aca3a2455f87",
                "reference": "fd6f940455ad6481455544b741c9aca3a2455f87",
                "shasum": ""
            },
            "require": {
                "php": ">=5.3.2"
            },
            "require-dev": {
                "mikey179/vfsstream": "1.1.*"
            },
            "type": "library",
            "extra": {
                "branch-alias": {
                    "dev-master": "1.0.x-dev"
                }
            },
            "autoload": {
                "psr-0": {
                    "SecurityLib": "lib"
                }
            },
            "notification-url": "https://packagist.org/downloads/",
            "license": [
                "MIT"
            ],
            "authors": [
                {
                    "name": "Anthony Ferrara",
                    "email": "ircmaxell@ircmaxell.com",
                    "homepage": "http://blog.ircmaxell.com"
                }
            ],
            "description": "A Base Security Library",
            "homepage": "https://github.com/ircmaxell/SecurityLib",
            "time": "2015-02-04 19:31:56"
        },
        {
            "name": "nikic/fast-route",
            "version": "v0.4.0",
            "source": {
                "type": "git",
                "url": "https://github.com/nikic/FastRoute.git",
                "reference": "f26a8f7788f25c0e3e9b1579d38d7ccab2755320"
            },
            "dist": {
                "type": "zip",
                "url": "https://api.github.com/repos/nikic/FastRoute/zipball/f26a8f7788f25c0e3e9b1579d38d7ccab2755320",
                "reference": "f26a8f7788f25c0e3e9b1579d38d7ccab2755320",
                "shasum": ""
            },
            "require": {
                "php": ">=5.4.0"
            },
            "type": "library",
            "autoload": {
                "psr-4": {
                    "FastRoute\\": "src/"
                },
                "files": [
                    "src/functions.php"
                ]
            },
            "notification-url": "https://packagist.org/downloads/",
            "license": [
                "BSD-3-Clause"
            ],
            "authors": [
                {
                    "name": "Nikita Popov",
                    "email": "nikic@php.net"
                }
            ],
            "description": "Fast request router for PHP",
            "keywords": [
                "router",
                "routing"
            ],
            "time": "2015-02-26 15:33:07"
        },
        {
            "name": "rdlowrey/auryn",
            "version": "v0.14.2",
            "source": {
                "type": "git",
                "url": "https://github.com/rdlowrey/Auryn.git",
                "reference": "bfee56a9e0d2e71b04f04236cb8eff2f8cb1c4fa"
            },
            "dist": {
                "type": "zip",
                "url": "https://api.github.com/repos/rdlowrey/Auryn/zipball/bfee56a9e0d2e71b04f04236cb8eff2f8cb1c4fa",
                "reference": "bfee56a9e0d2e71b04f04236cb8eff2f8cb1c4fa",
                "shasum": ""
            },
            "require": {
                "php": ">=5.3.0"
            },
            "require-dev": {
                "phpunit/phpunit": "4.0.*"
            },
            "type": "library",
            "autoload": {
                "psr-4": {
                    "Auryn\\": "lib/"
                }
            },
            "notification-url": "https://packagist.org/downloads/",
            "license": [
                "MIT"
            ],
            "authors": [
                {
                    "name": "Dan Ackroyd",
                    "email": "Danack@basereality.com",
                    "homepage": "http://www.basereality.com",
                    "role": "Developer"
                },
                {
                    "name": "Daniel Lowrey",
                    "email": "rdlowrey@gmail.com",
                    "role": "Creator / Main Developer"
                },
                {
                    "name": "Levi Morrison",
                    "email": "levim@php.net",
                    "homepage": "http://morrisonlevi.github.com/",
                    "role": "Developer"
                }
            ],
            "description": "Auryn is a dependency injector for bootstrapping object-oriented PHP applications.",
            "homepage": "https://github.com/rdlowrey/Auryn",
            "keywords": [
                "dependency injection",
                "dic",
                "ioc"
            ],
            "time": "2014-10-27 15:01:04"
        },
        {
            "name": "rdlowrey/nbsock",
            "version": "v0.6.0",
            "source": {
                "type": "git",
                "url": "https://github.com/rdlowrey/nbsock.git",
                "reference": "a13e3f22a3446311a69ab7e4b128c07711db508a"
            },
            "dist": {
                "type": "zip",
                "url": "https://api.github.com/repos/rdlowrey/nbsock/zipball/a13e3f22a3446311a69ab7e4b128c07711db508a",
                "reference": "a13e3f22a3446311a69ab7e4b128c07711db508a",
                "shasum": ""
            },
            "require": {
                "amphp/amp": "~0.16.0",
                "amphp/dns": "~0.4.0",
                "php": ">=5.4.0"
            },
            "type": "library",
            "autoload": {
                "psr-4": {
                    "Nbsock\\": "lib/"
                },
                "files": [
                    "lib/functions.php"
                ]
            },
            "notification-url": "https://packagist.org/downloads/",
            "license": [
                "MIT"
            ],
            "authors": [
                {
                    "name": "Daniel Lowrey",
                    "email": "rdlowrey@gmail.com",
                    "role": "Creator / Lead Developer"
                }
            ],
            "description": "Non-blocking socket connection/encryption using the Amp concurrency framework",
            "homepage": "https://github.com/rdlowrey/nbsock",
            "keywords": [
                "amp",
                "async",
                "encryption",
                "non-blocking",
                "sockets",
                "tcp",
                "tls"
            ],
            "time": "2015-02-18 16:23:30"
        },
        {
            "name": "swiftmailer/swiftmailer",
            "version": "dev-master",
            "source": {
                "type": "git",
                "url": "https://github.com/swiftmailer/swiftmailer.git",
                "reference": "db95cfa68a8bc91d1c54f75c416f481c9a8bd100"
            },
            "dist": {
                "type": "zip",
                "url": "https://api.github.com/repos/swiftmailer/swiftmailer/zipball/db95cfa68a8bc91d1c54f75c416f481c9a8bd100",
                "reference": "db95cfa68a8bc91d1c54f75c416f481c9a8bd100",
                "shasum": ""
            },
            "require": {
                "php": ">=5.3.3"
            },
            "require-dev": {
                "mockery/mockery": "~0.9.1"
            },
            "type": "library",
            "extra": {
                "branch-alias": {
                    "dev-master": "5.3-dev"
                }
            },
            "autoload": {
                "files": [
                    "lib/swift_required.php"
                ]
            },
            "notification-url": "https://packagist.org/downloads/",
            "license": [
                "MIT"
            ],
            "authors": [
                {
                    "name": "Chris Corbyn"
                },
                {
                    "name": "Fabien Potencier",
                    "email": "fabien@symfony.com"
                }
            ],
            "description": "Swiftmailer, free feature-rich PHP mailer",
            "homepage": "http://swiftmailer.org",
            "keywords": [
                "mail",
                "mailer"
            ],
            "time": "2015-01-18 13:49:36"
        },
        {
            "name": "tubalmartin/cssmin",
            "version": "dev-master",
            "source": {
                "type": "git",
                "url": "https://github.com/tubalmartin/YUI-CSS-compressor-PHP-port.git",
                "reference": "20f738889d6e55df59761b734d1638abe17c11eb"
            },
            "dist": {
                "type": "zip",
                "url": "https://api.github.com/repos/tubalmartin/YUI-CSS-compressor-PHP-port/zipball/20f738889d6e55df59761b734d1638abe17c11eb",
                "reference": "20f738889d6e55df59761b734d1638abe17c11eb",
                "shasum": ""
            },
            "require": {
                "php": ">=5.0.0"
            },
            "type": "library",
            "autoload": {
                "classmap": [
                    "cssmin.php"
                ]
            },
            "notification-url": "https://packagist.org/downloads/",
            "license": [
                "BSD-3-Clause"
            ],
            "authors": [
                {
                    "name": "Túbal Martín",
                    "homepage": "http://tubalmartin.me/"
                }
            ],
            "description": "A PHP port of the YUI CSS compressor",
            "homepage": "https://github.com/tubalmartin/YUI-CSS-compressor-PHP-port",
            "keywords": [
                "compress",
                "compressor",
                "css",
                "minify",
                "yui"
            ],
            "time": "2014-09-22 09:55:35"
        },
        {
            "name": "vladkens/autoprefixer",
            "version": "dev-master",
            "source": {
                "type": "git",
                "url": "https://github.com/vladkens/autoprefixer-php.git",
                "reference": "a89553d6b8df8374c78b3d2e80221d771bf14814"
            },
            "dist": {
                "type": "zip",
                "url": "https://api.github.com/repos/vladkens/autoprefixer-php/zipball/a89553d6b8df8374c78b3d2e80221d771bf14814",
                "reference": "a89553d6b8df8374c78b3d2e80221d771bf14814",
                "shasum": ""
            },
            "require": {
                "php": ">=5.3.0"
            },
            "type": "library",
            "autoload": {
                "psr-0": {
                    "": "lib"
                }
            },
            "notification-url": "https://packagist.org/downloads/",
            "license": [
                "MIT"
            ],
            "authors": [
                {
                    "name": "Vlad Pronsky",
                    "email": "vladkens@yandex.ru"
                }
            ],
            "description": "Run Autoprefixer using node.js in you php.",
            "keywords": [
                "Node.js",
                "autoprefixer",
                "css",
                "prefixes"
            ],
            "time": "2015-01-30 11:55:19"
        }
    ],
    "packages-dev": [],
    "aliases": [],
    "minimum-stability": "dev",
    "stability-flags": {
        "amphp/aerys": 20,
        "amphp/mysql": 20,
        "amphp/redis": 20,
        "amphp/artax": 20,
        "vladkens/autoprefixer": 20,
        "tubalmartin/cssmin": 20,
        "erusev/parsedown": 20
    },
    "prefer-stable": false,
    "prefer-lowest": false,
    "platform": [],
    "platform-dev": []
}
